// !$*UTF8*$!
{
	archiveVersion = 1;
	classes = {
	};
	objectVersion = 55;
	objects = {

/* Begin PBXBuildFile section */
		A803E41A289AB929000EDE8F /* ChatViewController.swift in Sources */ = {isa = PBXBuildFile; fileRef = A803E419289AB929000EDE8F /* ChatViewController.swift */; };
		A808F25128ACBB830084D848 /* SectionHeader.swift in Sources */ = {isa = PBXBuildFile; fileRef = A808F25028ACBB830084D848 /* SectionHeader.swift */; };
		A808F25528ACE9570084D848 /* ActivityIndicator+Extensions.swift in Sources */ = {isa = PBXBuildFile; fileRef = A808F25428ACE9570084D848 /* ActivityIndicator+Extensions.swift */; };
		A808F25928AD21660084D848 /* CollectionViewViewModel.swift in Sources */ = {isa = PBXBuildFile; fileRef = A808F25828AD21660084D848 /* CollectionViewViewModel.swift */; };
		A808F25B28AD22FC0084D848 /* CollectionViewCellViewModel.swift in Sources */ = {isa = PBXBuildFile; fileRef = A808F25A28AD22FC0084D848 /* CollectionViewCellViewModel.swift */; };
		A808F25D28AD261E0084D848 /* CollectionCellViewModelType.swift in Sources */ = {isa = PBXBuildFile; fileRef = A808F25C28AD261E0084D848 /* CollectionCellViewModelType.swift */; };
		A808F26428AE0CC50084D848 /* SecondCustomActivity.swift in Sources */ = {isa = PBXBuildFile; fileRef = A808F26328AE0CC40084D848 /* SecondCustomActivity.swift */; };
		A808F26B28AE356A0084D848 /* ViewModelTypeProtocol.swift in Sources */ = {isa = PBXBuildFile; fileRef = A808F26A28AE356A0084D848 /* ViewModelTypeProtocol.swift */; };
		A808F26E28AE3CFC0084D848 /* ViewController.swift in Sources */ = {isa = PBXBuildFile; fileRef = A808F26D28AE3CFC0084D848 /* ViewController.swift */; };
		A808F27028AE6FF10084D848 /* UsersViewController.swift in Sources */ = {isa = PBXBuildFile; fileRef = A808F26F28AE6FF10084D848 /* UsersViewController.swift */; };
		A808F27228B103C40084D848 /* #1) CustomTableView.swift in Sources */ = {isa = PBXBuildFile; fileRef = A808F27128B103C40084D848 /* #1) CustomTableView.swift */; };
		A808F27528B10DDD0084D848 /* LearnChatModelItem.swift in Sources */ = {isa = PBXBuildFile; fileRef = A808F27428B10DDD0084D848 /* LearnChatModelItem.swift */; };
		A808F27728B111CA0084D848 /* LearnModelSection.swift in Sources */ = {isa = PBXBuildFile; fileRef = A808F27628B111CA0084D848 /* LearnModelSection.swift */; };
		A8130E862893FEA500B7D5CC /* LoginScreen.swift in Sources */ = {isa = PBXBuildFile; fileRef = A8130E852893FEA500B7D5CC /* LoginScreen.swift */; };
		A8130E8828940E1700B7D5CC /* SetUpProfileScreen.swift in Sources */ = {isa = PBXBuildFile; fileRef = A8130E8728940E1600B7D5CC /* SetUpProfileScreen.swift */; };
		A841106D28A3CCDD00772940 /* activeChats.json in Resources */ = {isa = PBXBuildFile; fileRef = A841106C28A3CCDD00772940 /* activeChats.json */; };
		A841106F28A3CCE500772940 /* waitingChats.json in Resources */ = {isa = PBXBuildFile; fileRef = A841106E28A3CCE500772940 /* waitingChats.json */; };
		A841107128A3CE2100772940 /* Bundle+Extensions.swift in Sources */ = {isa = PBXBuildFile; fileRef = A841107028A3CE2100772940 /* Bundle+Extensions.swift */; };
		A87217CE28B4BDAB00DBC921 /* UsersVeiwModel.swift in Sources */ = {isa = PBXBuildFile; fileRef = A87217CD28B4BDAB00DBC921 /* UsersVeiwModel.swift */; };
		A8788456289E90B30050B6F9 /* TabBarViewController.swift in Sources */ = {isa = PBXBuildFile; fileRef = A8788455289E90B30050B6F9 /* TabBarViewController.swift */; };
		A8971C8628B4B76E0018B35B /* CollectionViewViewModelType.swift in Sources */ = {isa = PBXBuildFile; fileRef = A8971C8528B4B76E0018B35B /* CollectionViewViewModelType.swift */; };
		A8AD6E6B28A920F100550D65 /* ActiveChatCell.swift in Sources */ = {isa = PBXBuildFile; fileRef = A8AD6E6A28A920F100550D65 /* ActiveChatCell.swift */; };
		A8AD6E6D28A9241D00550D65 /* #2) ActiveChatModel.swift in Sources */ = {isa = PBXBuildFile; fileRef = A8AD6E6C28A9241D00550D65 /* #2) ActiveChatModel.swift */; };
		A8AD6E6F28AA74E700550D65 /* UIView+Extensions.swift in Sources */ = {isa = PBXBuildFile; fileRef = A8AD6E6E28AA74E600550D65 /* UIView+Extensions.swift */; };
		A8AD6E7128AC0DAE00550D65 /* WaitingChatCell.swift in Sources */ = {isa = PBXBuildFile; fileRef = A8AD6E7028AC0DAE00550D65 /* WaitingChatCell.swift */; };
		A8B2029A288C36CC00B074FB /* AppDelegate.swift in Sources */ = {isa = PBXBuildFile; fileRef = A8B20299288C36CC00B074FB /* AppDelegate.swift */; };
		A8B2029C288C36CC00B074FB /* SceneDelegate.swift in Sources */ = {isa = PBXBuildFile; fileRef = A8B2029B288C36CC00B074FB /* SceneDelegate.swift */; };
		A8B2029E288C36CC00B074FB /* JoinViewController.swift in Sources */ = {isa = PBXBuildFile; fileRef = A8B2029D288C36CC00B074FB /* JoinViewController.swift */; };
		A8B202A1288C36CC00B074FB /* Main.storyboard in Resources */ = {isa = PBXBuildFile; fileRef = A8B2029F288C36CC00B074FB /* Main.storyboard */; };
		A8B202A3288C36D000B074FB /* Assets.xcassets in Resources */ = {isa = PBXBuildFile; fileRef = A8B202A2288C36D000B074FB /* Assets.xcassets */; };
		A8B202A6288C36D000B074FB /* LaunchScreen.storyboard in Resources */ = {isa = PBXBuildFile; fileRef = A8B202A4288C36D000B074FB /* LaunchScreen.storyboard */; };
		A8BC043228B3912B00F0D8F6 /* users.json in Resources */ = {isa = PBXBuildFile; fileRef = A8BC043128B3912B00F0D8F6 /* users.json */; };
		A8BC043828B3931500F0D8F6 /* UsersScreenModel.swift in Sources */ = {isa = PBXBuildFile; fileRef = A8BC043728B3931500F0D8F6 /* UsersScreenModel.swift */; };
		A8BC043B28B39C8600F0D8F6 /* ChatScreenViewModel.swift in Sources */ = {isa = PBXBuildFile; fileRef = A8BC043A28B39C8600F0D8F6 /* ChatScreenViewModel.swift */; };
		A8F6F8CB288F05AF00529D58 /* UIButtonExtension.swift in Sources */ = {isa = PBXBuildFile; fileRef = A8F6F8CA288F05AF00529D58 /* UIButtonExtension.swift */; };
		A8F6F8CD288F1FE900529D58 /* UIColorExtension.swift in Sources */ = {isa = PBXBuildFile; fileRef = A8F6F8CC288F1FE900529D58 /* UIColorExtension.swift */; };
		A8F6F8CF288F24E400529D58 /* UIFont+Extension.swift in Sources */ = {isa = PBXBuildFile; fileRef = A8F6F8CE288F24E400529D58 /* UIFont+Extension.swift */; };
		A8F6F8D1288F24FC00529D58 /* UILabel+Extension.swift in Sources */ = {isa = PBXBuildFile; fileRef = A8F6F8D0288F24FC00529D58 /* UILabel+Extension.swift */; };
		A8F6F8D3288FDB9800529D58 /* ButtonLabelView.swift in Sources */ = {isa = PBXBuildFile; fileRef = A8F6F8D2288FDB9800529D58 /* ButtonLabelView.swift */; };
		A8F6F8FA2891884000529D58 /* SignUpScreen.swift in Sources */ = {isa = PBXBuildFile; fileRef = A8F6F8F92891884000529D58 /* SignUpScreen.swift */; };
		A8F6F8FC2891890B00529D58 /* UITextFieldExtension.swift in Sources */ = {isa = PBXBuildFile; fileRef = A8F6F8FB2891890B00529D58 /* UITextFieldExtension.swift */; };
		D8E4C30CD89D135DD2A4526B /* Pods_Nearby.framework in Frameworks */ = {isa = PBXBuildFile; fileRef = 7CECD2D1BB1DA5AEDF0D602A /* Pods_Nearby.framework */; };
/* End PBXBuildFile section */

/* Begin PBXFileReference section */
		33DAD385896161E398592956 /* Pods-Nearby.release.xcconfig */ = {isa = PBXFileReference; includeInIndex = 1; lastKnownFileType = text.xcconfig; name = "Pods-Nearby.release.xcconfig"; path = "Target Support Files/Pods-Nearby/Pods-Nearby.release.xcconfig"; sourceTree = "<group>"; };
		7CECD2D1BB1DA5AEDF0D602A /* Pods_Nearby.framework */ = {isa = PBXFileReference; explicitFileType = wrapper.framework; includeInIndex = 0; path = Pods_Nearby.framework; sourceTree = BUILT_PRODUCTS_DIR; };
		A803E419289AB929000EDE8F /* ChatViewController.swift */ = {isa = PBXFileReference; lastKnownFileType = sourcecode.swift; path = ChatViewController.swift; sourceTree = "<group>"; };
		A808F25028ACBB830084D848 /* SectionHeader.swift */ = {isa = PBXFileReference; lastKnownFileType = sourcecode.swift; path = SectionHeader.swift; sourceTree = "<group>"; };
		A808F25428ACE9570084D848 /* ActivityIndicator+Extensions.swift */ = {isa = PBXFileReference; lastKnownFileType = sourcecode.swift; path = "ActivityIndicator+Extensions.swift"; sourceTree = "<group>"; };
		A808F25828AD21660084D848 /* CollectionViewViewModel.swift */ = {isa = PBXFileReference; lastKnownFileType = sourcecode.swift; path = CollectionViewViewModel.swift; sourceTree = "<group>"; };
		A808F25A28AD22FC0084D848 /* CollectionViewCellViewModel.swift */ = {isa = PBXFileReference; lastKnownFileType = sourcecode.swift; path = CollectionViewCellViewModel.swift; sourceTree = "<group>"; };
		A808F25C28AD261E0084D848 /* CollectionCellViewModelType.swift */ = {isa = PBXFileReference; lastKnownFileType = sourcecode.swift; path = CollectionCellViewModelType.swift; sourceTree = "<group>"; };
		A808F26328AE0CC40084D848 /* SecondCustomActivity.swift */ = {isa = PBXFileReference; lastKnownFileType = sourcecode.swift; path = SecondCustomActivity.swift; sourceTree = "<group>"; };
		A808F26A28AE356A0084D848 /* ViewModelTypeProtocol.swift */ = {isa = PBXFileReference; lastKnownFileType = sourcecode.swift; path = ViewModelTypeProtocol.swift; sourceTree = "<group>"; };
		A808F26D28AE3CFC0084D848 /* ViewController.swift */ = {isa = PBXFileReference; lastKnownFileType = sourcecode.swift; path = ViewController.swift; sourceTree = "<group>"; };
		A808F26F28AE6FF10084D848 /* UsersViewController.swift */ = {isa = PBXFileReference; lastKnownFileType = sourcecode.swift; path = UsersViewController.swift; sourceTree = "<group>"; };
		A808F27128B103C40084D848 /* #1) CustomTableView.swift */ = {isa = PBXFileReference; lastKnownFileType = sourcecode.swift; path = "#1) CustomTableView.swift"; sourceTree = "<group>"; };
		A808F27428B10DDD0084D848 /* LearnChatModelItem.swift */ = {isa = PBXFileReference; lastKnownFileType = sourcecode.swift; path = LearnChatModelItem.swift; sourceTree = "<group>"; };
		A808F27628B111CA0084D848 /* LearnModelSection.swift */ = {isa = PBXFileReference; lastKnownFileType = sourcecode.swift; path = LearnModelSection.swift; sourceTree = "<group>"; };
		A8130E852893FEA500B7D5CC /* LoginScreen.swift */ = {isa = PBXFileReference; lastKnownFileType = sourcecode.swift; path = LoginScreen.swift; sourceTree = "<group>"; };
		A8130E8728940E1600B7D5CC /* SetUpProfileScreen.swift */ = {isa = PBXFileReference; lastKnownFileType = sourcecode.swift; path = SetUpProfileScreen.swift; sourceTree = "<group>"; };
		A841106C28A3CCDD00772940 /* activeChats.json */ = {isa = PBXFileReference; fileEncoding = 4; lastKnownFileType = text.json; path = activeChats.json; sourceTree = "<group>"; };
		A841106E28A3CCE500772940 /* waitingChats.json */ = {isa = PBXFileReference; fileEncoding = 4; lastKnownFileType = text.json; path = waitingChats.json; sourceTree = "<group>"; };
		A841107028A3CE2100772940 /* Bundle+Extensions.swift */ = {isa = PBXFileReference; lastKnownFileType = sourcecode.swift; path = "Bundle+Extensions.swift"; sourceTree = "<group>"; };
		A87217CD28B4BDAB00DBC921 /* UsersVeiwModel.swift */ = {isa = PBXFileReference; lastKnownFileType = sourcecode.swift; path = UsersVeiwModel.swift; sourceTree = "<group>"; };
		A8788455289E90B30050B6F9 /* TabBarViewController.swift */ = {isa = PBXFileReference; lastKnownFileType = sourcecode.swift; path = TabBarViewController.swift; sourceTree = "<group>"; };
		A8971C8528B4B76E0018B35B /* CollectionViewViewModelType.swift */ = {isa = PBXFileReference; lastKnownFileType = sourcecode.swift; path = CollectionViewViewModelType.swift; sourceTree = "<group>"; };
		A8AD6E6A28A920F100550D65 /* ActiveChatCell.swift */ = {isa = PBXFileReference; lastKnownFileType = sourcecode.swift; path = ActiveChatCell.swift; sourceTree = "<group>"; };
		A8AD6E6C28A9241D00550D65 /* #2) ActiveChatModel.swift */ = {isa = PBXFileReference; lastKnownFileType = sourcecode.swift; path = "#2) ActiveChatModel.swift"; sourceTree = "<group>"; };
		A8AD6E6E28AA74E600550D65 /* UIView+Extensions.swift */ = {isa = PBXFileReference; lastKnownFileType = sourcecode.swift; path = "UIView+Extensions.swift"; sourceTree = "<group>"; };
		A8AD6E7028AC0DAE00550D65 /* WaitingChatCell.swift */ = {isa = PBXFileReference; lastKnownFileType = sourcecode.swift; path = WaitingChatCell.swift; sourceTree = "<group>"; };
		A8B20296288C36CC00B074FB /* Nearby.app */ = {isa = PBXFileReference; explicitFileType = wrapper.application; includeInIndex = 0; path = Nearby.app; sourceTree = BUILT_PRODUCTS_DIR; };
		A8B20299288C36CC00B074FB /* AppDelegate.swift */ = {isa = PBXFileReference; lastKnownFileType = sourcecode.swift; path = AppDelegate.swift; sourceTree = "<group>"; };
		A8B2029B288C36CC00B074FB /* SceneDelegate.swift */ = {isa = PBXFileReference; lastKnownFileType = sourcecode.swift; path = SceneDelegate.swift; sourceTree = "<group>"; };
		A8B2029D288C36CC00B074FB /* JoinViewController.swift */ = {isa = PBXFileReference; lastKnownFileType = sourcecode.swift; path = JoinViewController.swift; sourceTree = "<group>"; };
		A8B202A0288C36CC00B074FB /* Base */ = {isa = PBXFileReference; lastKnownFileType = file.storyboard; name = Base; path = Base.lproj/Main.storyboard; sourceTree = "<group>"; };
		A8B202A2288C36D000B074FB /* Assets.xcassets */ = {isa = PBXFileReference; lastKnownFileType = folder.assetcatalog; path = Assets.xcassets; sourceTree = "<group>"; };
		A8B202A5288C36D000B074FB /* Base */ = {isa = PBXFileReference; lastKnownFileType = file.storyboard; name = Base; path = Base.lproj/LaunchScreen.storyboard; sourceTree = "<group>"; };
		A8B202A7288C36D000B074FB /* Info.plist */ = {isa = PBXFileReference; lastKnownFileType = text.plist.xml; path = Info.plist; sourceTree = "<group>"; };
		A8BC043128B3912B00F0D8F6 /* users.json */ = {isa = PBXFileReference; fileEncoding = 4; lastKnownFileType = text.json; path = users.json; sourceTree = "<group>"; };
		A8BC043728B3931500F0D8F6 /* UsersScreenModel.swift */ = {isa = PBXFileReference; lastKnownFileType = sourcecode.swift; path = UsersScreenModel.swift; sourceTree = "<group>"; };
		A8BC043A28B39C8600F0D8F6 /* ChatScreenViewModel.swift */ = {isa = PBXFileReference; lastKnownFileType = sourcecode.swift; path = ChatScreenViewModel.swift; sourceTree = "<group>"; };
		A8F6F8CA288F05AF00529D58 /* UIButtonExtension.swift */ = {isa = PBXFileReference; lastKnownFileType = sourcecode.swift; path = UIButtonExtension.swift; sourceTree = "<group>"; };
		A8F6F8CC288F1FE900529D58 /* UIColorExtension.swift */ = {isa = PBXFileReference; lastKnownFileType = sourcecode.swift; path = UIColorExtension.swift; sourceTree = "<group>"; };
		A8F6F8CE288F24E400529D58 /* UIFont+Extension.swift */ = {isa = PBXFileReference; lastKnownFileType = sourcecode.swift; path = "UIFont+Extension.swift"; sourceTree = "<group>"; };
		A8F6F8D0288F24FC00529D58 /* UILabel+Extension.swift */ = {isa = PBXFileReference; lastKnownFileType = sourcecode.swift; path = "UILabel+Extension.swift"; sourceTree = "<group>"; };
		A8F6F8D2288FDB9800529D58 /* ButtonLabelView.swift */ = {isa = PBXFileReference; lastKnownFileType = sourcecode.swift; path = ButtonLabelView.swift; sourceTree = "<group>"; };
		A8F6F8F92891884000529D58 /* SignUpScreen.swift */ = {isa = PBXFileReference; lastKnownFileType = sourcecode.swift; path = SignUpScreen.swift; sourceTree = "<group>"; };
		A8F6F8FB2891890B00529D58 /* UITextFieldExtension.swift */ = {isa = PBXFileReference; lastKnownFileType = sourcecode.swift; path = UITextFieldExtension.swift; sourceTree = "<group>"; };
		B85C1CC0F2BDB353F27AC349 /* Pods-Nearby.debug.xcconfig */ = {isa = PBXFileReference; includeInIndex = 1; lastKnownFileType = text.xcconfig; name = "Pods-Nearby.debug.xcconfig"; path = "Target Support Files/Pods-Nearby/Pods-Nearby.debug.xcconfig"; sourceTree = "<group>"; };
/* End PBXFileReference section */

/* Begin PBXFrameworksBuildPhase section */
		A8B20293288C36CC00B074FB /* Frameworks */ = {
			isa = PBXFrameworksBuildPhase;
			buildActionMask = 2147483647;
			files = (
				D8E4C30CD89D135DD2A4526B /* Pods_Nearby.framework in Frameworks */,
			);
			runOnlyForDeploymentPostprocessing = 0;
		};
/* End PBXFrameworksBuildPhase section */

/* Begin PBXGroup section */
		57F868AF393BAA29BEAA37A1 /* Pods */ = {
			isa = PBXGroup;
			children = (
				B85C1CC0F2BDB353F27AC349 /* Pods-Nearby.debug.xcconfig */,
				33DAD385896161E398592956 /* Pods-Nearby.release.xcconfig */,
			);
			path = Pods;
			sourceTree = "<group>";
		};
		A24B29E0DCC4EAC085E4BDC9 /* Frameworks */ = {
			isa = PBXGroup;
			children = (
				7CECD2D1BB1DA5AEDF0D602A /* Pods_Nearby.framework */,
			);
			name = Frameworks;
			sourceTree = "<group>";
		};
		A808F25628AD20D20084D848 /* ViewModel */ = {
			isa = PBXGroup;
			children = (
			);
			name = ViewModel;
			path = View/ViewModel;
			sourceTree = "<group>";
		};
		A808F25728AD21220084D848 /* Protocols */ = {
			isa = PBXGroup;
			children = (
				A808F26A28AE356A0084D848 /* ViewModelTypeProtocol.swift */,
				A808F25C28AD261E0084D848 /* CollectionCellViewModelType.swift */,
				A8971C8528B4B76E0018B35B /* CollectionViewViewModelType.swift */,
			);
			path = Protocols;
			sourceTree = "<group>";
		};
		A808F26028AD29E40084D848 /* LoginScreen */ = {
			isa = PBXGroup;
			children = (
				A808F26128AD2A180084D848 /* Views */,
				A8130E852893FEA500B7D5CC /* LoginScreen.swift */,
			);
			name = LoginScreen;
			sourceTree = "<group>";
		};
		A808F26128AD2A180084D848 /* Views */ = {
			isa = PBXGroup;
			children = (
			);
			name = Views;
			sourceTree = "<group>";
		};
		A808F26228AD2DC90084D848 /* SignUpScreen */ = {
			isa = PBXGroup;
			children = (
				A808F26528AE29AE0084D848 /* Views */,
				A8F6F8F92891884000529D58 /* SignUpScreen.swift */,
			);
			name = SignUpScreen;
			sourceTree = "<group>";
		};
		A808F26528AE29AE0084D848 /* Views */ = {
			isa = PBXGroup;
			children = (
			);
			name = Views;
			sourceTree = "<group>";
		};
		A808F26628AE29DF0084D848 /* JoinScreen */ = {
			isa = PBXGroup;
			children = (
				A8B2029D288C36CC00B074FB /* JoinViewController.swift */,
			);
			name = JoinScreen;
			sourceTree = "<group>";
		};
		A808F26728AE2A0F0084D848 /* ChatScreen */ = {
			isa = PBXGroup;
			children = (
				A8BC043928B39C6600F0D8F6 /* ViewModel */,
				A8BC043528B392CF00F0D8F6 /* Model */,
				A808F26828AE2B500084D848 /* Views */,
				A803E419289AB929000EDE8F /* ChatViewController.swift */,
			);
			name = ChatScreen;
			sourceTree = "<group>";
		};
		A808F26828AE2B500084D848 /* Views */ = {
			isa = PBXGroup;
			children = (
				A808F25028ACBB830084D848 /* SectionHeader.swift */,
				A8AD6E7028AC0DAE00550D65 /* WaitingChatCell.swift */,
				A8AD6E6A28A920F100550D65 /* ActiveChatCell.swift */,
			);
			name = Views;
			sourceTree = "<group>";
		};
		A808F26928AE2E3F0084D848 /* SetUpProfileScreen */ = {
			isa = PBXGroup;
			children = (
				A8130E8728940E1600B7D5CC /* SetUpProfileScreen.swift */,
			);
			name = SetUpProfileScreen;
			sourceTree = "<group>";
		};
		A808F26C28AE3CE40084D848 /* Components */ = {
			isa = PBXGroup;
			children = (
				A841106B28A3CCCB00772940 /* Json */,
				A808F26D28AE3CFC0084D848 /* ViewController.swift */,
			);
			path = Components;
			sourceTree = "<group>";
		};
		A808F27328B10DA80084D848 /* LearnDifDataSource */ = {
			isa = PBXGroup;
			children = (
				A808F27128B103C40084D848 /* #1) CustomTableView.swift */,
				A808F27428B10DDD0084D848 /* LearnChatModelItem.swift */,
				A808F27628B111CA0084D848 /* LearnModelSection.swift */,
			);
			path = LearnDifDataSource;
			sourceTree = "<group>";
		};
		A841106B28A3CCCB00772940 /* Json */ = {
			isa = PBXGroup;
			children = (
				A841106E28A3CCE500772940 /* waitingChats.json */,
				A8BC043128B3912B00F0D8F6 /* users.json */,
				A841106C28A3CCDD00772940 /* activeChats.json */,
			);
			path = Json;
			sourceTree = "<group>";
		};
		A87217CC28B4BCF000DBC921 /* ViewModel */ = {
			isa = PBXGroup;
			children = (
				A87217CD28B4BDAB00DBC921 /* UsersVeiwModel.swift */,
			);
			name = ViewModel;
			sourceTree = "<group>";
		};
		A8B2028D288C36CC00B074FB = {
			isa = PBXGroup;
			children = (
				A8B20298288C36CC00B074FB /* Nearby */,
				A8B20297288C36CC00B074FB /* Products */,
				57F868AF393BAA29BEAA37A1 /* Pods */,
				A24B29E0DCC4EAC085E4BDC9 /* Frameworks */,
			);
			sourceTree = "<group>";
		};
		A8B20297288C36CC00B074FB /* Products */ = {
			isa = PBXGroup;
			children = (
				A8B20296288C36CC00B074FB /* Nearby.app */,
			);
			name = Products;
			sourceTree = "<group>";
		};
		A8B20298288C36CC00B074FB /* Nearby */ = {
			isa = PBXGroup;
			children = (
				A8F6F8C8288F010400529D58 /* Resources */,
				A808F25728AD21220084D848 /* Protocols */,
				A808F26C28AE3CE40084D848 /* Components */,
				A8F6F8C7288F00B800529D58 /* ViewModel */,
				A8B202A7288C36D000B074FB /* Info.plist */,
				A808F25628AD20D20084D848 /* ViewModel */,
				A8F6F8D4288FE8A800529D58 /* Extensions */,
				A8F6F8C6288EFFEB00529D58 /* View */,
				A8F6F8C5288EFFE100529D58 /* Model */,
			);
			path = Nearby;
			sourceTree = "<group>";
		};
		A8BC043328B3917500F0D8F6 /* UsersScreen */ = {
			isa = PBXGroup;
			children = (
				A87217CC28B4BCF000DBC921 /* ViewModel */,
				A8BC043628B392F400F0D8F6 /* Model */,
				A8BC043428B3918300F0D8F6 /* Views */,
				A808F26F28AE6FF10084D848 /* UsersViewController.swift */,
			);
			name = UsersScreen;
			sourceTree = "<group>";
		};
		A8BC043428B3918300F0D8F6 /* Views */ = {
			isa = PBXGroup;
			children = (
			);
			name = Views;
			sourceTree = "<group>";
		};
		A8BC043528B392CF00F0D8F6 /* Model */ = {
			isa = PBXGroup;
			children = (
				A8AD6E6C28A9241D00550D65 /* #2) ActiveChatModel.swift */,
			);
			name = Model;
			sourceTree = "<group>";
		};
		A8BC043628B392F400F0D8F6 /* Model */ = {
			isa = PBXGroup;
			children = (
				A8BC043728B3931500F0D8F6 /* UsersScreenModel.swift */,
			);
			name = Model;
			sourceTree = "<group>";
		};
		A8BC043928B39C6600F0D8F6 /* ViewModel */ = {
			isa = PBXGroup;
			children = (
				A8BC043A28B39C8600F0D8F6 /* ChatScreenViewModel.swift */,
			);
			name = ViewModel;
			sourceTree = "<group>";
		};
		A8F6F8C5288EFFE100529D58 /* Model */ = {
			isa = PBXGroup;
			children = (
				A808F27328B10DA80084D848 /* LearnDifDataSource */,
			);
			path = Model;
			sourceTree = "<group>";
		};
		A8F6F8C6288EFFEB00529D58 /* View */ = {
			isa = PBXGroup;
			children = (
				A8BC043328B3917500F0D8F6 /* UsersScreen */,
				A8788455289E90B30050B6F9 /* TabBarViewController.swift */,
				A808F26628AE29DF0084D848 /* JoinScreen */,
				A808F26028AD29E40084D848 /* LoginScreen */,
				A808F26228AD2DC90084D848 /* SignUpScreen */,
				A808F26728AE2A0F0084D848 /* ChatScreen */,
				A808F26928AE2E3F0084D848 /* SetUpProfileScreen */,
			);
			path = View;
			sourceTree = "<group>";
		};
		A8F6F8C7288F00B800529D58 /* ViewModel */ = {
			isa = PBXGroup;
			children = (
				A808F25828AD21660084D848 /* CollectionViewViewModel.swift */,
				A808F25A28AD22FC0084D848 /* CollectionViewCellViewModel.swift */,
			);
			path = ViewModel;
			sourceTree = "<group>";
		};
		A8F6F8C8288F010400529D58 /* Resources */ = {
			isa = PBXGroup;
			children = (
				A8F6F8C9288F018200529D58 /* Launch */,
				A8B2029F288C36CC00B074FB /* Main.storyboard */,
				A8B202A2288C36D000B074FB /* Assets.xcassets */,
			);
			path = Resources;
			sourceTree = "<group>";
		};
		A8F6F8C9288F018200529D58 /* Launch */ = {
			isa = PBXGroup;
			children = (
				A8B20299288C36CC00B074FB /* AppDelegate.swift */,
				A8B2029B288C36CC00B074FB /* SceneDelegate.swift */,
				A8B202A4288C36D000B074FB /* LaunchScreen.storyboard */,
			);
			path = Launch;
			sourceTree = "<group>";
		};
		A8F6F8D4288FE8A800529D58 /* Extensions */ = {
			isa = PBXGroup;
			children = (
				A8F6F8D2288FDB9800529D58 /* ButtonLabelView.swift */,
				A8AD6E6E28AA74E600550D65 /* UIView+Extensions.swift */,
				A8F6F8FB2891890B00529D58 /* UITextFieldExtension.swift */,
				A8F6F8CC288F1FE900529D58 /* UIColorExtension.swift */,
				A8F6F8CA288F05AF00529D58 /* UIButtonExtension.swift */,
				A8F6F8D0288F24FC00529D58 /* UILabel+Extension.swift */,
				A8F6F8CE288F24E400529D58 /* UIFont+Extension.swift */,
				A841107028A3CE2100772940 /* Bundle+Extensions.swift */,
				A808F25428ACE9570084D848 /* ActivityIndicator+Extensions.swift */,
				A808F26328AE0CC40084D848 /* SecondCustomActivity.swift */,
			);
			path = Extensions;
			sourceTree = "<group>";
		};
/* End PBXGroup section */

/* Begin PBXNativeTarget section */
		A8B20295288C36CC00B074FB /* Nearby */ = {
			isa = PBXNativeTarget;
			buildConfigurationList = A8B202AA288C36D000B074FB /* Build configuration list for PBXNativeTarget "Nearby" */;
			buildPhases = (
				76832CB167E0BEBE6A5A1198 /* [CP] Check Pods Manifest.lock */,
				A8B20292288C36CC00B074FB /* Sources */,
				A8B20293288C36CC00B074FB /* Frameworks */,
				A8B20294288C36CC00B074FB /* Resources */,
			);
			buildRules = (
			);
			dependencies = (
			);
			name = Nearby;
			productName = Nearby;
			productReference = A8B20296288C36CC00B074FB /* Nearby.app */;
			productType = "com.apple.product-type.application";
		};
/* End PBXNativeTarget section */

/* Begin PBXProject section */
		A8B2028E288C36CC00B074FB /* Project object */ = {
			isa = PBXProject;
			attributes = {
				BuildIndependentTargetsInParallel = 1;
				LastSwiftUpdateCheck = 1310;
				LastUpgradeCheck = 1310;
				TargetAttributes = {
					A8B20295288C36CC00B074FB = {
						CreatedOnToolsVersion = 13.1;
					};
				};
			};
			buildConfigurationList = A8B20291288C36CC00B074FB /* Build configuration list for PBXProject "Nearby" */;
			compatibilityVersion = "Xcode 13.0";
			developmentRegion = en;
			hasScannedForEncodings = 0;
			knownRegions = (
				en,
				Base,
			);
			mainGroup = A8B2028D288C36CC00B074FB;
			productRefGroup = A8B20297288C36CC00B074FB /* Products */;
			projectDirPath = "";
			projectRoot = "";
			targets = (
				A8B20295288C36CC00B074FB /* Nearby */,
			);
		};
/* End PBXProject section */

/* Begin PBXResourcesBuildPhase section */
		A8B20294288C36CC00B074FB /* Resources */ = {
			isa = PBXResourcesBuildPhase;
			buildActionMask = 2147483647;
			files = (
				A8BC043228B3912B00F0D8F6 /* users.json in Resources */,
				A8B202A6288C36D000B074FB /* LaunchScreen.storyboard in Resources */,
				A8B202A3288C36D000B074FB /* Assets.xcassets in Resources */,
				A841106F28A3CCE500772940 /* waitingChats.json in Resources */,
				A8B202A1288C36CC00B074FB /* Main.storyboard in Resources */,
				A841106D28A3CCDD00772940 /* activeChats.json in Resources */,
			);
			runOnlyForDeploymentPostprocessing = 0;
		};
/* End PBXResourcesBuildPhase section */

/* Begin PBXShellScriptBuildPhase section */
		76832CB167E0BEBE6A5A1198 /* [CP] Check Pods Manifest.lock */ = {
			isa = PBXShellScriptBuildPhase;
			buildActionMask = 2147483647;
			files = (
			);
			inputFileListPaths = (
			);
			inputPaths = (
				"${PODS_PODFILE_DIR_PATH}/Podfile.lock",
				"${PODS_ROOT}/Manifest.lock",
			);
			name = "[CP] Check Pods Manifest.lock";
			outputFileListPaths = (
			);
			outputPaths = (
				"$(DERIVED_FILE_DIR)/Pods-Nearby-checkManifestLockResult.txt",
			);
			runOnlyForDeploymentPostprocessing = 0;
			shellPath = /bin/sh;
			shellScript = "diff \"${PODS_PODFILE_DIR_PATH}/Podfile.lock\" \"${PODS_ROOT}/Manifest.lock\" > /dev/null\nif [ $? != 0 ] ; then\n    # print error to STDERR\n    echo \"error: The sandbox is not in sync with the Podfile.lock. Run 'pod install' or update your CocoaPods installation.\" >&2\n    exit 1\nfi\n# This output is used by Xcode 'outputs' to avoid re-running this script phase.\necho \"SUCCESS\" > \"${SCRIPT_OUTPUT_FILE_0}\"\n";
			showEnvVarsInLog = 0;
		};
/* End PBXShellScriptBuildPhase section */

/* Begin PBXSourcesBuildPhase section */
		A8B20292288C36CC00B074FB /* Sources */ = {
			isa = PBXSourcesBuildPhase;
			buildActionMask = 2147483647;
			files = (
				A803E41A289AB929000EDE8F /* ChatViewController.swift in Sources */,
				A808F27028AE6FF10084D848 /* UsersViewController.swift in Sources */,
				A8B2029E288C36CC00B074FB /* JoinViewController.swift in Sources */,
				A8BC043828B3931500F0D8F6 /* UsersScreenModel.swift in Sources */,
				A8130E8828940E1700B7D5CC /* SetUpProfileScreen.swift in Sources */,
				A8F6F8FA2891884000529D58 /* SignUpScreen.swift in Sources */,
				A8788456289E90B30050B6F9 /* TabBarViewController.swift in Sources */,
				A8AD6E6D28A9241D00550D65 /* #2) ActiveChatModel.swift in Sources */,
				A8F6F8CB288F05AF00529D58 /* UIButtonExtension.swift in Sources */,
				A808F26428AE0CC50084D848 /* SecondCustomActivity.swift in Sources */,
				A841107128A3CE2100772940 /* Bundle+Extensions.swift in Sources */,
				A8971C8628B4B76E0018B35B /* CollectionViewViewModelType.swift in Sources */,
				A808F27728B111CA0084D848 /* LearnModelSection.swift in Sources */,
				A8F6F8CD288F1FE900529D58 /* UIColorExtension.swift in Sources */,
				A8B2029A288C36CC00B074FB /* AppDelegate.swift in Sources */,
				A808F25D28AD261E0084D848 /* CollectionCellViewModelType.swift in Sources */,
				A8F6F8FC2891890B00529D58 /* UITextFieldExtension.swift in Sources */,
				A8F6F8D1288F24FC00529D58 /* UILabel+Extension.swift in Sources */,
				A808F25128ACBB830084D848 /* SectionHeader.swift in Sources */,
				A8AD6E6F28AA74E700550D65 /* UIView+Extensions.swift in Sources */,
				A87217CE28B4BDAB00DBC921 /* UsersVeiwModel.swift in Sources */,
				A808F25B28AD22FC0084D848 /* CollectionViewCellViewModel.swift in Sources */,
				A808F26E28AE3CFC0084D848 /* ViewController.swift in Sources */,
				A808F27228B103C40084D848 /* #1) CustomTableView.swift in Sources */,
				A8AD6E6B28A920F100550D65 /* ActiveChatCell.swift in Sources */,
				A808F26B28AE356A0084D848 /* ViewModelTypeProtocol.swift in Sources */,
				A808F25928AD21660084D848 /* CollectionViewViewModel.swift in Sources */,
				A8F6F8CF288F24E400529D58 /* UIFont+Extension.swift in Sources */,
				A8B2029C288C36CC00B074FB /* SceneDelegate.swift in Sources */,
				A8BC043B28B39C8600F0D8F6 /* ChatScreenViewModel.swift in Sources */,
				A8130E862893FEA500B7D5CC /* LoginScreen.swift in Sources */,
				A808F27528B10DDD0084D848 /* LearnChatModelItem.swift in Sources */,
				A8F6F8D3288FDB9800529D58 /* ButtonLabelView.swift in Sources */,
				A8AD6E7128AC0DAE00550D65 /* WaitingChatCell.swift in Sources */,
				A808F25528ACE9570084D848 /* ActivityIndicator+Extensions.swift in Sources */,
			);
			runOnlyForDeploymentPostprocessing = 0;
		};
/* End PBXSourcesBuildPhase section */

/* Begin PBXVariantGroup section */
		A8B2029F288C36CC00B074FB /* Main.storyboard */ = {
			isa = PBXVariantGroup;
			children = (
				A8B202A0288C36CC00B074FB /* Base */,
			);
			name = Main.storyboard;
			sourceTree = "<group>";
		};
		A8B202A4288C36D000B074FB /* LaunchScreen.storyboard */ = {
			isa = PBXVariantGroup;
			children = (
				A8B202A5288C36D000B074FB /* Base */,
			);
			name = LaunchScreen.storyboard;
			sourceTree = "<group>";
		};
/* End PBXVariantGroup section */

/* Begin XCBuildConfiguration section */
		A8B202A8288C36D000B074FB /* Debug */ = {
			isa = XCBuildConfiguration;
			buildSettings = {
				ALWAYS_SEARCH_USER_PATHS = NO;
				CLANG_ANALYZER_NONNULL = YES;
				CLANG_ANALYZER_NUMBER_OBJECT_CONVERSION = YES_AGGRESSIVE;
				CLANG_CXX_LANGUAGE_STANDARD = "gnu++17";
				CLANG_CXX_LIBRARY = "libc++";
				CLANG_ENABLE_MODULES = YES;
				CLANG_ENABLE_OBJC_ARC = YES;
				CLANG_ENABLE_OBJC_WEAK = YES;
				CLANG_WARN_BLOCK_CAPTURE_AUTORELEASING = YES;
				CLANG_WARN_BOOL_CONVERSION = YES;
				CLANG_WARN_COMMA = YES;
				CLANG_WARN_CONSTANT_CONVERSION = YES;
				CLANG_WARN_DEPRECATED_OBJC_IMPLEMENTATIONS = YES;
				CLANG_WARN_DIRECT_OBJC_ISA_USAGE = YES_ERROR;
				CLANG_WARN_DOCUMENTATION_COMMENTS = YES;
				CLANG_WARN_EMPTY_BODY = YES;
				CLANG_WARN_ENUM_CONVERSION = YES;
				CLANG_WARN_INFINITE_RECURSION = YES;
				CLANG_WARN_INT_CONVERSION = YES;
				CLANG_WARN_NON_LITERAL_NULL_CONVERSION = YES;
				CLANG_WARN_OBJC_IMPLICIT_RETAIN_SELF = YES;
				CLANG_WARN_OBJC_LITERAL_CONVERSION = YES;
				CLANG_WARN_OBJC_ROOT_CLASS = YES_ERROR;
				CLANG_WARN_QUOTED_INCLUDE_IN_FRAMEWORK_HEADER = YES;
				CLANG_WARN_RANGE_LOOP_ANALYSIS = YES;
				CLANG_WARN_STRICT_PROTOTYPES = YES;
				CLANG_WARN_SUSPICIOUS_MOVE = YES;
				CLANG_WARN_UNGUARDED_AVAILABILITY = YES_AGGRESSIVE;
				CLANG_WARN_UNREACHABLE_CODE = YES;
				CLANG_WARN__DUPLICATE_METHOD_MATCH = YES;
				COPY_PHASE_STRIP = NO;
				DEBUG_INFORMATION_FORMAT = dwarf;
				ENABLE_STRICT_OBJC_MSGSEND = YES;
				ENABLE_TESTABILITY = YES;
				"EXCLUDED_ARCHS[sdk=iphonesimulator*]" = arm64;
				GCC_C_LANGUAGE_STANDARD = gnu11;
				GCC_DYNAMIC_NO_PIC = NO;
				GCC_NO_COMMON_BLOCKS = YES;
				GCC_OPTIMIZATION_LEVEL = 0;
				GCC_PREPROCESSOR_DEFINITIONS = (
					"DEBUG=1",
					"$(inherited)",
				);
				GCC_WARN_64_TO_32_BIT_CONVERSION = YES;
				GCC_WARN_ABOUT_RETURN_TYPE = YES_ERROR;
				GCC_WARN_UNDECLARED_SELECTOR = YES;
				GCC_WARN_UNINITIALIZED_AUTOS = YES_AGGRESSIVE;
				GCC_WARN_UNUSED_FUNCTION = YES;
				GCC_WARN_UNUSED_VARIABLE = YES;
				IPHONEOS_DEPLOYMENT_TARGET = 15.0;
				MTL_ENABLE_DEBUG_INFO = INCLUDE_SOURCE;
				MTL_FAST_MATH = YES;
				ONLY_ACTIVE_ARCH = YES;
				SDKROOT = iphoneos;
				SWIFT_ACTIVE_COMPILATION_CONDITIONS = DEBUG;
				SWIFT_OPTIMIZATION_LEVEL = "-Onone";
				VALIDATE_WORKSPACE = YES;
			};
			name = Debug;
		};
		A8B202A9288C36D000B074FB /* Release */ = {
			isa = XCBuildConfiguration;
			buildSettings = {
				ALWAYS_SEARCH_USER_PATHS = NO;
				CLANG_ANALYZER_NONNULL = YES;
				CLANG_ANALYZER_NUMBER_OBJECT_CONVERSION = YES_AGGRESSIVE;
				CLANG_CXX_LANGUAGE_STANDARD = "gnu++17";
				CLANG_CXX_LIBRARY = "libc++";
				CLANG_ENABLE_MODULES = YES;
				CLANG_ENABLE_OBJC_ARC = YES;
				CLANG_ENABLE_OBJC_WEAK = YES;
				CLANG_WARN_BLOCK_CAPTURE_AUTORELEASING = YES;
				CLANG_WARN_BOOL_CONVERSION = YES;
				CLANG_WARN_COMMA = YES;
				CLANG_WARN_CONSTANT_CONVERSION = YES;
				CLANG_WARN_DEPRECATED_OBJC_IMPLEMENTATIONS = YES;
				CLANG_WARN_DIRECT_OBJC_ISA_USAGE = YES_ERROR;
				CLANG_WARN_DOCUMENTATION_COMMENTS = YES;
				CLANG_WARN_EMPTY_BODY = YES;
				CLANG_WARN_ENUM_CONVERSION = YES;
				CLANG_WARN_INFINITE_RECURSION = YES;
				CLANG_WARN_INT_CONVERSION = YES;
				CLANG_WARN_NON_LITERAL_NULL_CONVERSION = YES;
				CLANG_WARN_OBJC_IMPLICIT_RETAIN_SELF = YES;
				CLANG_WARN_OBJC_LITERAL_CONVERSION = YES;
				CLANG_WARN_OBJC_ROOT_CLASS = YES_ERROR;
				CLANG_WARN_QUOTED_INCLUDE_IN_FRAMEWORK_HEADER = YES;
				CLANG_WARN_RANGE_LOOP_ANALYSIS = YES;
				CLANG_WARN_STRICT_PROTOTYPES = YES;
				CLANG_WARN_SUSPICIOUS_MOVE = YES;
				CLANG_WARN_UNGUARDED_AVAILABILITY = YES_AGGRESSIVE;
				CLANG_WARN_UNREACHABLE_CODE = YES;
				CLANG_WARN__DUPLICATE_METHOD_MATCH = YES;
				COPY_PHASE_STRIP = NO;
				DEBUG_INFORMATION_FORMAT = "dwarf-with-dsym";
				ENABLE_NS_ASSERTIONS = NO;
				ENABLE_STRICT_OBJC_MSGSEND = YES;
				"EXCLUDED_ARCHS[sdk=iphonesimulator*]" = arm64;
				GCC_C_LANGUAGE_STANDARD = gnu11;
				GCC_NO_COMMON_BLOCKS = YES;
				GCC_WARN_64_TO_32_BIT_CONVERSION = YES;
				GCC_WARN_ABOUT_RETURN_TYPE = YES_ERROR;
				GCC_WARN_UNDECLARED_SELECTOR = YES;
				GCC_WARN_UNINITIALIZED_AUTOS = YES_AGGRESSIVE;
				GCC_WARN_UNUSED_FUNCTION = YES;
				GCC_WARN_UNUSED_VARIABLE = YES;
				IPHONEOS_DEPLOYMENT_TARGET = 15.0;
				MTL_ENABLE_DEBUG_INFO = NO;
				MTL_FAST_MATH = YES;
				SDKROOT = iphoneos;
				SWIFT_COMPILATION_MODE = wholemodule;
				SWIFT_OPTIMIZATION_LEVEL = "-O";
				VALIDATE_PRODUCT = YES;
				VALIDATE_WORKSPACE = YES;
			};
			name = Release;
		};
		A8B202AB288C36D000B074FB /* Debug */ = {
			isa = XCBuildConfiguration;
			baseConfigurationReference = B85C1CC0F2BDB353F27AC349 /* Pods-Nearby.debug.xcconfig */;
			buildSettings = {
				ASSETCATALOG_COMPILER_APPICON_NAME = AppIcon;
				ASSETCATALOG_COMPILER_GLOBAL_ACCENT_COLOR_NAME = AccentColor;
				CODE_SIGN_STYLE = Automatic;
				CURRENT_PROJECT_VERSION = 1;
				DEVELOPMENT_TEAM = QJGZ655CQS;
				GENERATE_INFOPLIST_FILE = YES;
				INFOPLIST_FILE = Nearby/Info.plist;
				INFOPLIST_KEY_UIApplicationSupportsIndirectInputEvents = YES;
				INFOPLIST_KEY_UILaunchStoryboardName = LaunchScreen;
				INFOPLIST_KEY_UIMainStoryboardFile = Main;
				INFOPLIST_KEY_UISupportedInterfaceOrientations_iPad = "UIInterfaceOrientationPortrait UIInterfaceOrientationPortraitUpsideDown UIInterfaceOrientationLandscapeLeft UIInterfaceOrientationLandscapeRight";
				INFOPLIST_KEY_UISupportedInterfaceOrientations_iPhone = "UIInterfaceOrientationPortrait UIInterfaceOrientationLandscapeLeft UIInterfaceOrientationLandscapeRight";
				LD_RUNPATH_SEARCH_PATHS = (
					"$(inherited)",
					"@executable_path/Frameworks",
				);
				MARKETING_VERSION = 1.0;
				PRODUCT_BUNDLE_IDENTIFIER = com.dimaSD.Nearby;
				PRODUCT_NAME = "$(TARGET_NAME)";
				SWIFT_EMIT_LOC_STRINGS = YES;
				SWIFT_VERSION = 5.0;
				TARGETED_DEVICE_FAMILY = "1,2";
			};
			name = Debug;
		};
		A8B202AC288C36D000B074FB /* Release */ = {
			isa = XCBuildConfiguration;
			baseConfigurationReference = 33DAD385896161E398592956 /* Pods-Nearby.release.xcconfig */;
			buildSettings = {
				ASSETCATALOG_COMPILER_APPICON_NAME = AppIcon;
				ASSETCATALOG_COMPILER_GLOBAL_ACCENT_COLOR_NAME = AccentColor;
				CODE_SIGN_STYLE = Automatic;
				CURRENT_PROJECT_VERSION = 1;
				DEVELOPMENT_TEAM = QJGZ655CQS;
				GENERATE_INFOPLIST_FILE = YES;
				INFOPLIST_FILE = Nearby/Info.plist;
				INFOPLIST_KEY_UIApplicationSupportsIndirectInputEvents = YES;
				INFOPLIST_KEY_UILaunchStoryboardName = LaunchScreen;
				INFOPLIST_KEY_UIMainStoryboardFile = Main;
				INFOPLIST_KEY_UISupportedInterfaceOrientations_iPad = "UIInterfaceOrientationPortrait UIInterfaceOrientationPortraitUpsideDown UIInterfaceOrientationLandscapeLeft UIInterfaceOrientationLandscapeRight";
				INFOPLIST_KEY_UISupportedInterfaceOrientations_iPhone = "UIInterfaceOrientationPortrait UIInterfaceOrientationLandscapeLeft UIInterfaceOrientationLandscapeRight";
				LD_RUNPATH_SEARCH_PATHS = (
					"$(inherited)",
					"@executable_path/Frameworks",
				);
				MARKETING_VERSION = 1.0;
				PRODUCT_BUNDLE_IDENTIFIER = com.dimaSD.Nearby;
				PRODUCT_NAME = "$(TARGET_NAME)";
				SWIFT_EMIT_LOC_STRINGS = YES;
				SWIFT_VERSION = 5.0;
				TARGETED_DEVICE_FAMILY = "1,2";
			};
			name = Release;
		};
/* End XCBuildConfiguration section */

/* Begin XCConfigurationList section */
		A8B20291288C36CC00B074FB /* Build configuration list for PBXProject "Nearby" */ = {
			isa = XCConfigurationList;
			buildConfigurations = (
				A8B202A8288C36D000B074FB /* Debug */,
				A8B202A9288C36D000B074FB /* Release */,
			);
			defaultConfigurationIsVisible = 0;
			defaultConfigurationName = Release;
		};
		A8B202AA288C36D000B074FB /* Build configuration list for PBXNativeTarget "Nearby" */ = {
			isa = XCConfigurationList;
			buildConfigurations = (
				A8B202AB288C36D000B074FB /* Debug */,
				A8B202AC288C36D000B074FB /* Release */,
			);
			defaultConfigurationIsVisible = 0;
			defaultConfigurationName = Release;
		};
/* End XCConfigurationList section */
	};
	rootObject = A8B2028E288C36CC00B074FB /* Project object */;
}
